
Microsoft Visual Studio Solution File, Format Version 11.00
# Visual Studio 2010
Project("{F184B08F-C81C-45F6-A57F-5ABD9991F28F}") = "GeneratePrintBarcode", "GeneratePrintBarcode\GeneratePrintBarcode.vbproj", "{771FA32D-B5E1-4F62-9F5E-EDA657C264E4}"
EndProject
Global
	GlobalSection(SolutionConfigurationPlatforms) = preSolution
		Debug|x86 = Debug|x86
		Release|x86 = Release|x86
	EndGlobalSection
	GlobalSection(ProjectConfigurationPlatforms) = postSolution
		{771FA32D-B5E1-4F62-9F5E-EDA657C264E4}.Debug|x86.ActiveCfg = Debug|x86
		{771FA32D-B5E1-4F62-9F5E-EDA657C264E4}.Debug|x86.Build.0 = Debug|x86
		{771FA32D-B5E1-4F62-9F5E-EDA657C264E4}.Release|x86.ActiveCfg = Release|x86
		{771FA32D-B5E1-4F62-9F5E-EDA657C264E4}.Release|x86.Build.0 = Release|x86
	EndGlobalSection
	GlobalSection(SolutionProperties) = preSolution
		HideSolutionNode = FALSE
	EndGlobalSection
EndGlobal
