
Microsoft Visual Studio Solution File, Format Version 11.00
# Visual Basic Express 2010
Project("{F184B08F-C81C-45F6-A57F-5ABD9991F28F}") = "WindowsApplication10", "WindowsApplication10\WindowsApplication10.vbproj", "{BD85294C-6FD4-4EC1-9D23-1AFDEA42786E}"
EndProject
Global
	GlobalSection(SolutionConfigurationPlatforms) = preSolution
		Debug|x86 = Debug|x86
		Release|x86 = Release|x86
	EndGlobalSection
	GlobalSection(ProjectConfigurationPlatforms) = postSolution
		{BD85294C-6FD4-4EC1-9D23-1AFDEA42786E}.Debug|x86.ActiveCfg = Debug|x86
		{BD85294C-6FD4-4EC1-9D23-1AFDEA42786E}.Debug|x86.Build.0 = Debug|x86
		{BD85294C-6FD4-4EC1-9D23-1AFDEA42786E}.Release|x86.ActiveCfg = Release|x86
		{BD85294C-6FD4-4EC1-9D23-1AFDEA42786E}.Release|x86.Build.0 = Release|x86
	EndGlobalSection
	GlobalSection(SolutionProperties) = preSolution
		HideSolutionNode = FALSE
	EndGlobalSection
EndGlobal
