
Microsoft Visual Studio Solution File, Format Version 11.00
# Visual Studio 2010
Project("{F184B08F-C81C-45F6-A57F-5ABD9991F28F}") = "computing temperature", "computing temperature\computing temperature.vbproj", "{1362E365-E3C3-4DEC-B282-066D0E9B50EA}"
EndProject
Global
	GlobalSection(SolutionConfigurationPlatforms) = preSolution
		Debug|x86 = Debug|x86
		Release|x86 = Release|x86
	EndGlobalSection
	GlobalSection(ProjectConfigurationPlatforms) = postSolution
		{1362E365-E3C3-4DEC-B282-066D0E9B50EA}.Debug|x86.ActiveCfg = Debug|x86
		{1362E365-E3C3-4DEC-B282-066D0E9B50EA}.Debug|x86.Build.0 = Debug|x86
		{1362E365-E3C3-4DEC-B282-066D0E9B50EA}.Release|x86.ActiveCfg = Release|x86
		{1362E365-E3C3-4DEC-B282-066D0E9B50EA}.Release|x86.Build.0 = Release|x86
	EndGlobalSection
	GlobalSection(SolutionProperties) = preSolution
		HideSolutionNode = FALSE
	EndGlobalSection
EndGlobal
